<?xml version="1.0" encoding="UTF-8" standalone="yes" ?>
<CodeBlocks_project_file>
	<FileVersion major="1" minor="6" />
	<Project>
		<Option title="EmotionDetector" />
		<Option pch_mode="2" />
		<Option compiler="gcc" />
		<Build>
			<Target title="Debug">
				<Option output="bin/Debug/EmotionDetector" prefix_auto="1" extension_auto="1" />
				<Option object_output="obj/Debug/" />
				<Option type="1" />
				<Option compiler="gcc" />
				<Compiler>
					<Add option="-g" />
					<Add directory="include" />
				</Compiler>
			</Target>
			<Target title="Release">
				<Option output="bin/Release/EmotionDetector" prefix_auto="1" extension_auto="1" />
				<Option object_output="obj/Release/" />
				<Option type="1" />
				<Option compiler="gcc" />
				<Compiler>
					<Add option="-O2" />
					<Add directory="include" />
				</Compiler>
				<Linker>
					<Add option="-s" />
				</Linker>
			</Target>
		</Build>
		<Compiler>
			<Add option="-std=c++11" />
			<Add option="-Wall" />
		</Compiler>
		<Unit filename="include/AdaBoostClassifier.h" />
		<Unit filename="include/Classifier.h" />
		<Unit filename="include/DimentionalityReducer.h" />
		<Unit filename="include/DlibFacialLandmarkDetector.h" />
		<Unit filename="include/Emotion.h" />
		<Unit filename="include/EmotionDetector.h" />
		<Unit filename="include/FacesDifferencesDatabase.h" />
		<Unit filename="include/FacesImagesDatabase.h" />
		<Unit filename="include/FacialLandmarkDetector.h" />
		<Unit filename="include/FileStream.h" />
		<Unit filename="include/ICPModelRegistrator.h" />
		<Unit filename="include/ModelRegistrator.h" />
		<Unit filename="include/PCADimentionalityReducer.h" />
		<Unit filename="include/ReduceKnnClassifier.h" />
		<Unit filename="include/SimpleModelRegistrator.h" />
		<Unit filename="include/Space.h" />
		<Unit filename="include/Translator.h" />
		<Unit filename="include/Visualizer.h" />
		<Unit filename="src/AdaBoostClassifier.cpp" />
		<Unit filename="src/DimentionalityReducer.cpp" />
		<Unit filename="src/DlibFacialLandmarkDetector.cpp" />
		<Unit filename="src/EmotionDetector.cpp" />
		<Unit filename="src/FacesDifferencesDatabase.cpp" />
		<Unit filename="src/FacesImagesDatabase.cpp" />
		<Unit filename="src/FileStream.cpp" />
		<Unit filename="src/ICPModelRegistrator.cpp" />
		<Unit filename="src/ModelRegistrator.cpp" />
		<Unit filename="src/PCADimentionalityReducer.cpp" />
		<Unit filename="src/ReduceKnnClassifier.cpp" />
		<Unit filename="src/SimpleModelRegistrator.cpp" />
		<Unit filename="src/Space.cpp" />
		<Unit filename="src/Translator.cpp" />
		<Unit filename="src/Visualizer.cpp" />
		<Unit filename="src/main.cpp" />
		<Extensions>
			<code_completion />
			<envvars />
			<debugger />
			<lib_finder disable_auto="1" />
		</Extensions>
	</Project>
</CodeBlocks_project_file>
